
Microsoft Visual Studio Solution File, Format Version 12.00
# Visual Studio Version 17
VisualStudioVersion = 17.12.35514.174
MinimumVisualStudioVersion = 10.0.40219.1
<<<<<<< HEAD
Project("{FAE04EC0-301F-11D3-BF4B-00C04F79EFBC}") = "front", "front\front.csproj", "{7B90AE6F-2146-41A4-BADB-96E8759FDF4A}"
=======
Project("{2150E333-8FDC-42A3-9474-1A3956D46DE8}") = "backend", "backend", "{1AE8ACA6-933B-BF2A-3671-3E2EAC007D16}"
EndProject
Project("{FAE04EC0-301F-11D3-BF4B-00C04F79EFBC}") = "gtfs-manager", "backend\gtfs-manager\gtfs-manager.csproj", "{031B4DC9-2197-4C76-A602-E4CBEFB90C26}"
EndProject
Project("{FAE04EC0-301F-11D3-BF4B-00C04F79EFBC}") = "front", "front\front.csproj", "{CAFD37BC-EEC8-C546-D43C-87317E038C41}"
>>>>>>> 38e657ae07f2e0dfb8bdaaf1e72ecc7bac4d0e75
EndProject
Global
	GlobalSection(SolutionConfigurationPlatforms) = preSolution
		Debug|Any CPU = Debug|Any CPU
		Release|Any CPU = Release|Any CPU
	EndGlobalSection
	GlobalSection(ProjectConfigurationPlatforms) = postSolution
<<<<<<< HEAD
		{7B90AE6F-2146-41A4-BADB-96E8759FDF4A}.Debug|Any CPU.ActiveCfg = Debug|Any CPU
		{7B90AE6F-2146-41A4-BADB-96E8759FDF4A}.Debug|Any CPU.Build.0 = Debug|Any CPU
		{7B90AE6F-2146-41A4-BADB-96E8759FDF4A}.Debug|Any CPU.Deploy.0 = Debug|Any CPU
		{7B90AE6F-2146-41A4-BADB-96E8759FDF4A}.Release|Any CPU.ActiveCfg = Release|Any CPU
		{7B90AE6F-2146-41A4-BADB-96E8759FDF4A}.Release|Any CPU.Build.0 = Release|Any CPU
=======
		{031B4DC9-2197-4C76-A602-E4CBEFB90C26}.Debug|Any CPU.ActiveCfg = Debug|Any CPU
		{031B4DC9-2197-4C76-A602-E4CBEFB90C26}.Debug|Any CPU.Build.0 = Debug|Any CPU
		{031B4DC9-2197-4C76-A602-E4CBEFB90C26}.Release|Any CPU.ActiveCfg = Release|Any CPU
		{031B4DC9-2197-4C76-A602-E4CBEFB90C26}.Release|Any CPU.Build.0 = Release|Any CPU
		{CAFD37BC-EEC8-C546-D43C-87317E038C41}.Debug|Any CPU.ActiveCfg = Debug|Any CPU
		{CAFD37BC-EEC8-C546-D43C-87317E038C41}.Debug|Any CPU.Build.0 = Debug|Any CPU
		{CAFD37BC-EEC8-C546-D43C-87317E038C41}.Release|Any CPU.ActiveCfg = Release|Any CPU
		{CAFD37BC-EEC8-C546-D43C-87317E038C41}.Release|Any CPU.Build.0 = Release|Any CPU
>>>>>>> 38e657ae07f2e0dfb8bdaaf1e72ecc7bac4d0e75
	EndGlobalSection
	GlobalSection(SolutionProperties) = preSolution
		HideSolutionNode = FALSE
	EndGlobalSection
	GlobalSection(NestedProjects) = preSolution
		{031B4DC9-2197-4C76-A602-E4CBEFB90C26} = {1AE8ACA6-933B-BF2A-3671-3E2EAC007D16}
	EndGlobalSection
EndGlobal
